
Microsoft Visual Studio Solution File, Format Version 12.00
# Visual Studio 14
VisualStudioVersion = 14.0.23107.0
MinimumVisualStudioVersion = 10.0.40219.1
Project("{FAE04EC0-301F-11D3-BF4B-00C04F79EFBC}") = "NetWatcher", "NetWatcher.csproj", "{DC3EE7A1-1633-4916-AC98-C50FACFF0042}"
EndProject
Global
	GlobalSection(SolutionConfigurationPlatforms) = preSolution
		Debug|Any CPU = Debug|Any CPU
		Release|Any CPU = Release|Any CPU
	EndGlobalSection
	GlobalSection(ProjectConfigurationPlatforms) = postSolution
		{DC3EE7A1-1633-4916-AC98-C50FACFF0042}.Debug|Any CPU.ActiveCfg = Debug|Any CPU
		{DC3EE7A1-1633-4916-AC98-C50FACFF0042}.Debug|Any CPU.Build.0 = Debug|Any CPU
		{DC3EE7A1-1633-4916-AC98-C50FACFF0042}.Release|Any CPU.ActiveCfg = Release|Any CPU
		{DC3EE7A1-1633-4916-AC98-C50FACFF0042}.Release|Any CPU.Build.0 = Release|Any CPU
	EndGlobalSection
	GlobalSection(SolutionProperties) = preSolution
		HideSolutionNode = FALSE
	EndGlobalSection
EndGlobal
