
Microsoft Visual Studio Solution File, Format Version 12.00
# Visual Studio 15
VisualStudioVersion = 15.0.27004.2008
MinimumVisualStudioVersion = 10.0.40219.1
Project("{9A19103F-16F7-4668-BE54-9A1E7A4F7556}") = "netwatcher", "netwatcher.csproj", "{42D4BA5D-9677-4D91-A8CD-5D4B4E900CF5}"
EndProject
Global
	GlobalSection(SolutionConfigurationPlatforms) = preSolution
		Debug|Any CPU = Debug|Any CPU
		Release|Any CPU = Release|Any CPU
	EndGlobalSection
	GlobalSection(ProjectConfigurationPlatforms) = postSolution
		{42D4BA5D-9677-4D91-A8CD-5D4B4E900CF5}.Debug|Any CPU.ActiveCfg = Debug|Any CPU
		{42D4BA5D-9677-4D91-A8CD-5D4B4E900CF5}.Debug|Any CPU.Build.0 = Debug|Any CPU
		{42D4BA5D-9677-4D91-A8CD-5D4B4E900CF5}.Release|Any CPU.ActiveCfg = Release|Any CPU
		{42D4BA5D-9677-4D91-A8CD-5D4B4E900CF5}.Release|Any CPU.Build.0 = Release|Any CPU
	EndGlobalSection
	GlobalSection(SolutionProperties) = preSolution
		HideSolutionNode = FALSE
	EndGlobalSection
	GlobalSection(ExtensibilityGlobals) = postSolution
		SolutionGuid = {3CE06D5D-24DE-41BC-949F-EE16E9D077BA}
	EndGlobalSection
EndGlobal
